hash: f92fcb54e2f12e4b4288b8a68988533e6ba155912dbfa86239f56730e517bf2e
updated: 2017-02-13T20:13:05.752462207+09:00
imports:
- name: github.com/andybalholm/cascadia
  version: 349dd0209470eabd9514242c688c403c0926d266
- name: github.com/PuerkitoBio/goquery
  version: e1271ee34c6a305e38566ecd27ae374944907ee9
- name: github.com/sclevine/agouti
  version: da6ce95d89acab048b648c71fb45b57622d3457e
- name: github.com/yhat/scrape
  version: 24b7890b0945459dbf91743e4d2ac5d75a51fee2
- name: golang.org/x/net
  version: 61557ac0112b576429a0df080e1c2cef5dfbb642
  subpackages:
  - html
  - html/atom
- name: golang.org/x/text
  version: 06d6eba81293389cafdff7fca90d75592194b2d9
  subpackages:
  - encoding/japanese
  - encoding
  - encoding/internal
  - encoding/internal/identifier
  - transform
devImports: []
